
Microsoft Visual Studio Solution File, Format Version 12.00
# Visual Studio Version 16
VisualStudioVersion = 16.0.31205.134
MinimumVisualStudioVersion = 10.0.40219.1
Project("{FAE04EC0-301F-11D3-BF4B-00C04F79EFBC}") = "LabNumber1", "Labs\LabNumber1.csproj", "{36A761E2-9BA0-471E-96E0-D95B82255F0B}"
EndProject
Project("{FAE04EC0-301F-11D3-BF4B-00C04F79EFBC}") = "LabNumber2", "LabNumber2\LabNumber2.csproj", "{EDD751CE-BCED-4BBF-B143-C22E17B85A90}"
EndProject
Global
	GlobalSection(SolutionConfigurationPlatforms) = preSolution
		Debug|Any CPU = Debug|Any CPU
		Release|Any CPU = Release|Any CPU
	EndGlobalSection
	GlobalSection(ProjectConfigurationPlatforms) = postSolution
		{36A761E2-9BA0-471E-96E0-D95B82255F0B}.Debug|Any CPU.ActiveCfg = Debug|Any CPU
		{36A761E2-9BA0-471E-96E0-D95B82255F0B}.Debug|Any CPU.Build.0 = Debug|Any CPU
		{36A761E2-9BA0-471E-96E0-D95B82255F0B}.Release|Any CPU.ActiveCfg = Release|Any CPU
		{36A761E2-9BA0-471E-96E0-D95B82255F0B}.Release|Any CPU.Build.0 = Release|Any CPU
		{EDD751CE-BCED-4BBF-B143-C22E17B85A90}.Debug|Any CPU.ActiveCfg = Debug|Any CPU
		{EDD751CE-BCED-4BBF-B143-C22E17B85A90}.Debug|Any CPU.Build.0 = Debug|Any CPU
		{EDD751CE-BCED-4BBF-B143-C22E17B85A90}.Release|Any CPU.ActiveCfg = Release|Any CPU
		{EDD751CE-BCED-4BBF-B143-C22E17B85A90}.Release|Any CPU.Build.0 = Release|Any CPU
	EndGlobalSection
	GlobalSection(SolutionProperties) = preSolution
		HideSolutionNode = FALSE
	EndGlobalSection
	GlobalSection(ExtensibilityGlobals) = postSolution
		SolutionGuid = {48FAA236-B144-4705-A28E-EDF3BA1D9DF9}
	EndGlobalSection
EndGlobal
