
Microsoft Visual Studio Solution File, Format Version 12.00
# Visual Studio Version 16
VisualStudioVersion = 16.0.31205.134
MinimumVisualStudioVersion = 10.0.40219.1
Project("{FAE04EC0-301F-11D3-BF4B-00C04F79EFBC}") = "LabNumber1", "Labs\LabNumber1.csproj", "{36A761E2-9BA0-471E-96E0-D95B82255F0B}"
EndProject
Project("{FAE04EC0-301F-11D3-BF4B-00C04F79EFBC}") = "LabNumber2", "LabNumber2\LabNumber2.csproj", "{EDD751CE-BCED-4BBF-B143-C22E17B85A90}"
EndProject
Project("{FAE04EC0-301F-11D3-BF4B-00C04F79EFBC}") = "LabNumber3", "LabNumber3\LabNumber3.csproj", "{711DE4D5-85DF-47D4-A995-84B4D520B05E}"
EndProject
Project("{FAE04EC0-301F-11D3-BF4B-00C04F79EFBC}") = "LabNumber4", "LabNumber4\LabNumber4.csproj", "{3BB6FC0D-FD48-4F79-BF2E-CD9EA4B8300C}"
EndProject
Project("{9A19103F-16F7-4668-BE54-9A1E7A4F7556}") = "LabNumber9", "LabNumber9\LabNumber9.csproj", "{2A8A671E-8A9D-4FE0-A1B7-D30D1C0FE599}"
EndProject
Project("{FAE04EC0-301F-11D3-BF4B-00C04F79EFBC}") = "LabNumber6", "LabNumber6\LabNumber6.csproj", "{0BC88347-F27B-4AA8-8D62-FD495C47A820}"
EndProject
Global
	GlobalSection(SolutionConfigurationPlatforms) = preSolution
		Debug|Any CPU = Debug|Any CPU
		Release|Any CPU = Release|Any CPU
	EndGlobalSection
	GlobalSection(ProjectConfigurationPlatforms) = postSolution
		{36A761E2-9BA0-471E-96E0-D95B82255F0B}.Debug|Any CPU.ActiveCfg = Debug|Any CPU
		{36A761E2-9BA0-471E-96E0-D95B82255F0B}.Debug|Any CPU.Build.0 = Debug|Any CPU
		{36A761E2-9BA0-471E-96E0-D95B82255F0B}.Release|Any CPU.ActiveCfg = Release|Any CPU
		{36A761E2-9BA0-471E-96E0-D95B82255F0B}.Release|Any CPU.Build.0 = Release|Any CPU
		{EDD751CE-BCED-4BBF-B143-C22E17B85A90}.Debug|Any CPU.ActiveCfg = Debug|Any CPU
		{EDD751CE-BCED-4BBF-B143-C22E17B85A90}.Debug|Any CPU.Build.0 = Debug|Any CPU
		{EDD751CE-BCED-4BBF-B143-C22E17B85A90}.Release|Any CPU.ActiveCfg = Release|Any CPU
		{EDD751CE-BCED-4BBF-B143-C22E17B85A90}.Release|Any CPU.Build.0 = Release|Any CPU
		{711DE4D5-85DF-47D4-A995-84B4D520B05E}.Debug|Any CPU.ActiveCfg = Debug|Any CPU
		{711DE4D5-85DF-47D4-A995-84B4D520B05E}.Debug|Any CPU.Build.0 = Debug|Any CPU
		{711DE4D5-85DF-47D4-A995-84B4D520B05E}.Release|Any CPU.ActiveCfg = Release|Any CPU
		{711DE4D5-85DF-47D4-A995-84B4D520B05E}.Release|Any CPU.Build.0 = Release|Any CPU
		{3BB6FC0D-FD48-4F79-BF2E-CD9EA4B8300C}.Debug|Any CPU.ActiveCfg = Debug|Any CPU
		{3BB6FC0D-FD48-4F79-BF2E-CD9EA4B8300C}.Debug|Any CPU.Build.0 = Debug|Any CPU
		{3BB6FC0D-FD48-4F79-BF2E-CD9EA4B8300C}.Release|Any CPU.ActiveCfg = Release|Any CPU
		{3BB6FC0D-FD48-4F79-BF2E-CD9EA4B8300C}.Release|Any CPU.Build.0 = Release|Any CPU
		{2A8A671E-8A9D-4FE0-A1B7-D30D1C0FE599}.Debug|Any CPU.ActiveCfg = Debug|Any CPU
		{2A8A671E-8A9D-4FE0-A1B7-D30D1C0FE599}.Debug|Any CPU.Build.0 = Debug|Any CPU
		{2A8A671E-8A9D-4FE0-A1B7-D30D1C0FE599}.Release|Any CPU.ActiveCfg = Release|Any CPU
		{2A8A671E-8A9D-4FE0-A1B7-D30D1C0FE599}.Release|Any CPU.Build.0 = Release|Any CPU
		{0BC88347-F27B-4AA8-8D62-FD495C47A820}.Debug|Any CPU.ActiveCfg = Debug|Any CPU
		{0BC88347-F27B-4AA8-8D62-FD495C47A820}.Debug|Any CPU.Build.0 = Debug|Any CPU
		{0BC88347-F27B-4AA8-8D62-FD495C47A820}.Release|Any CPU.ActiveCfg = Release|Any CPU
		{0BC88347-F27B-4AA8-8D62-FD495C47A820}.Release|Any CPU.Build.0 = Release|Any CPU
	EndGlobalSection
	GlobalSection(SolutionProperties) = preSolution
		HideSolutionNode = FALSE
	EndGlobalSection
	GlobalSection(ExtensibilityGlobals) = postSolution
		SolutionGuid = {48FAA236-B144-4705-A28E-EDF3BA1D9DF9}
	EndGlobalSection
EndGlobal
